
Microsoft Visual Studio Solution File, Format Version 12.00
# Visual Studio 15
VisualStudioVersion = 15.0.27205.0
MinimumVisualStudioVersion = 10.0.40219.1
Project("{FAE04EC0-301F-11D3-BF4B-00C04F79EFBC}") = "price_alert_v2", "price_alert_v2\price_alert_v2.csproj", "{F980FCAD-BD2F-451B-B31F-0398C5D4CFAE}"
EndProject
Global
	GlobalSection(SolutionConfigurationPlatforms) = preSolution
		Debug|Any CPU = Debug|Any CPU
		Release|Any CPU = Release|Any CPU
	EndGlobalSection
	GlobalSection(ProjectConfigurationPlatforms) = postSolution
		{F980FCAD-BD2F-451B-B31F-0398C5D4CFAE}.Debug|Any CPU.ActiveCfg = Debug|Any CPU
		{F980FCAD-BD2F-451B-B31F-0398C5D4CFAE}.Debug|Any CPU.Build.0 = Debug|Any CPU
		{F980FCAD-BD2F-451B-B31F-0398C5D4CFAE}.Release|Any CPU.ActiveCfg = Release|Any CPU
		{F980FCAD-BD2F-451B-B31F-0398C5D4CFAE}.Release|Any CPU.Build.0 = Release|Any CPU
	EndGlobalSection
	GlobalSection(SolutionProperties) = preSolution
		HideSolutionNode = FALSE
	EndGlobalSection
	GlobalSection(ExtensibilityGlobals) = postSolution
		SolutionGuid = {226B227F-8980-4494-B6FA-33D406F9AC88}
	EndGlobalSection
EndGlobal
